
Microsoft Visual Studio Solution File, Format Version 12.00
# Visual Studio 15
Project("{FAE04EC0-301F-11D3-BF4B-00C04F79EFBC}") = "UnityEngine.UI", "UnityEngine.UI.csproj", "{14BCF8D2-2E26-2863-75C6-428BEF24042C}"
EndProject
Project("{FAE04EC0-301F-11D3-BF4B-00C04F79EFBC}") = "Unity.RenderPipelines.Core.Runtime", "Unity.RenderPipelines.Core.Runtime.csproj", "{15A3944F-244D-8703-058A-9D1DE1ED40F4}"
EndProject
Project("{FAE04EC0-301F-11D3-BF4B-00C04F79EFBC}") = "UnityEngine.TestRunner", "UnityEngine.TestRunner.csproj", "{9F3CF1F7-9E2A-EF68-E15C-A74744A698E9}"
EndProject
Project("{FAE04EC0-301F-11D3-BF4B-00C04F79EFBC}") = "Unity.VisualScripting.Flow", "Unity.VisualScripting.Flow.csproj", "{5F79980B-986A-F933-6442-BD4A3A891A5A}"
EndProject
Project("{FAE04EC0-301F-11D3-BF4B-00C04F79EFBC}") = "Unity.Mathematics", "Unity.Mathematics.csproj", "{9D6208A4-4026-A040-4BE9-D6FF0E027468}"
EndProject
Project("{FAE04EC0-301F-11D3-BF4B-00C04F79EFBC}") = "Unity.VisualScripting.State", "Unity.VisualScripting.State.csproj", "{6B4EA527-28D4-5933-94B7-EB6A235B45D6}"
EndProject
Project("{FAE04EC0-301F-11D3-BF4B-00C04F79EFBC}") = "Unity.VisualScripting.Core", "Unity.VisualScripting.Core.csproj", "{8CA3EB1C-8CAC-D8D7-27BC-E8B481D14790}"
EndProject
Project("{FAE04EC0-301F-11D3-BF4B-00C04F79EFBC}") = "Unity.RenderPipelines.Universal.Runtime", "Unity.RenderPipelines.Universal.Runtime.csproj", "{58F21911-3382-5081-0D61-3CE5D3DF3714}"
EndProject
Project("{FAE04EC0-301F-11D3-BF4B-00C04F79EFBC}") = "Unity.Burst", "Unity.Burst.csproj", "{BB75D9B0-9F34-1E2F-A4BF-634C5C02E9BB}"
EndProject
Project("{FAE04EC0-301F-11D3-BF4B-00C04F79EFBC}") = "Unity.2D.Animation.Runtime", "Unity.2D.Animation.Runtime.csproj", "{F0BC0B5C-1BC0-8178-E053-4A68086E0945}"
EndProject
Project("{FAE04EC0-301F-11D3-BF4B-00C04F79EFBC}") = "Unity.TextMeshPro", "Unity.TextMeshPro.csproj", "{8D4A7983-52D3-64DC-B3E9-5E196DB49F9D}"
EndProject
Project("{FAE04EC0-301F-11D3-BF4B-00C04F79EFBC}") = "Unity.Timeline", "Unity.Timeline.csproj", "{2987DB36-4E88-712D-FC8F-E31D5146B7C0}"
EndProject
Project("{FAE04EC0-301F-11D3-BF4B-00C04F79EFBC}") = "Unity.RenderPipeline.Universal.ShaderLibrary", "Unity.RenderPipeline.Universal.ShaderLibrary.csproj", "{290711A1-D18E-BB65-57A9-F4F70837B29B}"
EndProject
Project("{FAE04EC0-301F-11D3-BF4B-00C04F79EFBC}") = "Unity.2D.SpriteShape.Runtime", "Unity.2D.SpriteShape.Runtime.csproj", "{B9ACC587-5B58-427C-C47E-C0C1DA3A50F9}"
EndProject
Project("{FAE04EC0-301F-11D3-BF4B-00C04F79EFBC}") = "Unity.2D.PixelPerfect", "Unity.2D.PixelPerfect.csproj", "{05CEC14C-7BDB-41F5-4AF8-6077FC02F41A}"
EndProject
Project("{FAE04EC0-301F-11D3-BF4B-00C04F79EFBC}") = "Unity.2D.Common.Runtime", "Unity.2D.Common.Runtime.csproj", "{20DC5417-2BB1-31C6-DE49-4DB00B6828B2}"
EndProject
Project("{FAE04EC0-301F-11D3-BF4B-00C04F79EFBC}") = "Unity.2D.IK.Runtime", "Unity.2D.IK.Runtime.csproj", "{2C213090-78D7-F4D7-A2CB-A26ADF02A192}"
EndProject
Project("{FAE04EC0-301F-11D3-BF4B-00C04F79EFBC}") = "Assembly-CSharp", "Assembly-CSharp.csproj", "{11BC989B-FFE8-A9ED-93FB-14206F6A537E}"
EndProject
Project("{FAE04EC0-301F-11D3-BF4B-00C04F79EFBC}") = "Unity.2D.Tilemap.Extras", "Unity.2D.Tilemap.Extras.csproj", "{81F0B96F-CA2B-4EA7-1AC0-09D7DC476701}"
EndProject
Project("{FAE04EC0-301F-11D3-BF4B-00C04F79EFBC}") = "Unity.RenderPipelines.Core.ShaderLibrary", "Unity.RenderPipelines.Core.ShaderLibrary.csproj", "{AEAA9A85-C68E-CCE2-DC73-E55E243FEDE7}"
EndProject
Project("{FAE04EC0-301F-11D3-BF4B-00C04F79EFBC}") = "Unity.InternalAPIEngineBridge.001", "Unity.InternalAPIEngineBridge.001.csproj", "{DE708045-A069-0BBB-83F3-74B29AA3E1CA}"
EndProject
Project("{FAE04EC0-301F-11D3-BF4B-00C04F79EFBC}") = "Unity.RenderPipelines.Universal.Shaders", "Unity.RenderPipelines.Universal.Shaders.csproj", "{FD53D70F-452F-B0C4-3475-3C1BD3CE6BAE}"
EndProject
Project("{FAE04EC0-301F-11D3-BF4B-00C04F79EFBC}") = "Unity.RenderPipelines.ShaderGraph.ShaderGraphLibrary", "Unity.RenderPipelines.ShaderGraph.ShaderGraphLibrary.csproj", "{0351D1CB-6DAA-24AA-CB1F-F54C0EEAA717}"
EndProject
Project("{FAE04EC0-301F-11D3-BF4B-00C04F79EFBC}") = "Unity.PlasticSCM.Editor", "Unity.PlasticSCM.Editor.csproj", "{8BF3221F-EB2D-2157-A03F-C88EF297C31F}"
EndProject
Project("{FAE04EC0-301F-11D3-BF4B-00C04F79EFBC}") = "Unity.VisualScripting.Core.Editor", "Unity.VisualScripting.Core.Editor.csproj", "{661253C0-2E88-FE7B-3FAB-5E0881A053B6}"
EndProject
Project("{FAE04EC0-301F-11D3-BF4B-00C04F79EFBC}") = "Unity.VisualScripting.Flow.Editor", "Unity.VisualScripting.Flow.Editor.csproj", "{17C79C4C-6456-ECD5-1BDB-5102C4F5C47E}"
EndProject
Project("{FAE04EC0-301F-11D3-BF4B-00C04F79EFBC}") = "Unity.ShaderGraph.Editor", "Unity.ShaderGraph.Editor.csproj", "{7AABA7CC-E19A-0662-157F-888384524D84}"
EndProject
Project("{FAE04EC0-301F-11D3-BF4B-00C04F79EFBC}") = "Unity.VisualStudio.Editor", "Unity.VisualStudio.Editor.csproj", "{D19C328D-60A6-070D-CEFB-E79AC0723B38}"
EndProject
Project("{FAE04EC0-301F-11D3-BF4B-00C04F79EFBC}") = "Unity.Timeline.Editor", "Unity.Timeline.Editor.csproj", "{70E74E71-804F-A343-4F7A-77232616C17B}"
EndProject
Project("{FAE04EC0-301F-11D3-BF4B-00C04F79EFBC}") = "Unity.RenderPipelines.Universal.Editor", "Unity.RenderPipelines.Universal.Editor.csproj", "{A3143E62-F62F-33DC-8D5A-7E27104F3C34}"
EndProject
Project("{FAE04EC0-301F-11D3-BF4B-00C04F79EFBC}") = "Unity.VisualScripting.State.Editor", "Unity.VisualScripting.State.Editor.csproj", "{5040E337-AE4F-74B3-59A3-4A51A457743B}"
EndProject
Project("{FAE04EC0-301F-11D3-BF4B-00C04F79EFBC}") = "Unity.TextMeshPro.Editor", "Unity.TextMeshPro.Editor.csproj", "{E8FD2498-D450-A864-E221-390784C74817}"
EndProject
Project("{FAE04EC0-301F-11D3-BF4B-00C04F79EFBC}") = "Unity.2D.PixelPerfect.Editor", "Unity.2D.PixelPerfect.Editor.csproj", "{E36180C2-B8F4-67AA-FBA1-804D77F0B56C}"
EndProject
Project("{FAE04EC0-301F-11D3-BF4B-00C04F79EFBC}") = "Unity.RenderPipelines.Core.Editor", "Unity.RenderPipelines.Core.Editor.csproj", "{3C022406-0A3D-CE84-F2F2-3B0204AF499F}"
EndProject
Project("{FAE04EC0-301F-11D3-BF4B-00C04F79EFBC}") = "Unity.2D.Animation.Editor", "Unity.2D.Animation.Editor.csproj", "{5AFC5254-F5C4-4662-2237-3A3898C7383B}"
EndProject
Project("{FAE04EC0-301F-11D3-BF4B-00C04F79EFBC}") = "Unity.VisualScripting.SettingsProvider.Editor", "Unity.VisualScripting.SettingsProvider.Editor.csproj", "{CB7624C4-A533-4724-5626-70A42D276F6A}"
EndProject
Project("{FAE04EC0-301F-11D3-BF4B-00C04F79EFBC}") = "Unity.2D.Psdimporter.Editor", "Unity.2D.Psdimporter.Editor.csproj", "{F6C195EF-7E01-6011-0A01-10BC3C1950E9}"
EndProject
Project("{FAE04EC0-301F-11D3-BF4B-00C04F79EFBC}") = "UnityEditor.TestRunner", "UnityEditor.TestRunner.csproj", "{A3EE540F-9527-F19E-7C30-AA31A01B47A1}"
EndProject
Project("{FAE04EC0-301F-11D3-BF4B-00C04F79EFBC}") = "Unity.2D.Tilemap.Editor", "Unity.2D.Tilemap.Editor.csproj", "{543A7489-C50E-1037-9E3D-28CD32F04C10}"
EndProject
Project("{FAE04EC0-301F-11D3-BF4B-00C04F79EFBC}") = "Unity.Rider.Editor", "Unity.Rider.Editor.csproj", "{EEA9807E-73EE-4FBA-62BF-351670257CD5}"
EndProject
Project("{FAE04EC0-301F-11D3-BF4B-00C04F79EFBC}") = "Unity.2D.Path.Editor", "Unity.2D.Path.Editor.csproj", "{A0A35866-3B72-87CA-1901-FA1C9CC0AF0E}"
EndProject
Project("{FAE04EC0-301F-11D3-BF4B-00C04F79EFBC}") = "PsdPlugin", "PsdPlugin.csproj", "{8CB5821A-BA12-4916-768E-216401001A73}"
EndProject
Project("{FAE04EC0-301F-11D3-BF4B-00C04F79EFBC}") = "Unity.Searcher.Editor", "Unity.Searcher.Editor.csproj", "{30F5C299-7660-47D1-4271-8BCE8996A470}"
EndProject
Project("{FAE04EC0-301F-11D3-BF4B-00C04F79EFBC}") = "Unity.2D.IK.Editor", "Unity.2D.IK.Editor.csproj", "{CD3B5447-D29A-B4DD-A517-95F94EC79F44}"
EndProject
Project("{FAE04EC0-301F-11D3-BF4B-00C04F79EFBC}") = "Unity.2D.SpriteShape.Editor", "Unity.2D.SpriteShape.Editor.csproj", "{FE950C1D-3D55-396F-4594-687DF9A12019}"
EndProject
Project("{FAE04EC0-301F-11D3-BF4B-00C04F79EFBC}") = "Unity.Burst.CodeGen", "Unity.Burst.CodeGen.csproj", "{F64FB666-95C9-412E-0871-B59B35AF8B9D}"
EndProject
Project("{FAE04EC0-301F-11D3-BF4B-00C04F79EFBC}") = "Unity.VSCode.Editor", "Unity.VSCode.Editor.csproj", "{9AA05DA8-D6EC-60B8-1C55-954969BB9B2B}"
EndProject
Project("{FAE04EC0-301F-11D3-BF4B-00C04F79EFBC}") = "Unity.2D.Sprite.Editor", "Unity.2D.Sprite.Editor.csproj", "{A5D0860D-5A82-458F-6759-031D7E8AB4A7}"
EndProject
Project("{FAE04EC0-301F-11D3-BF4B-00C04F79EFBC}") = "UnityEditor.UI", "UnityEditor.UI.csproj", "{15E5D94F-B855-BE00-E782-E4DF86D81B96}"
EndProject
Project("{FAE04EC0-301F-11D3-BF4B-00C04F79EFBC}") = "PPv2URPConverters", "PPv2URPConverters.csproj", "{55FF5D80-44A4-22B5-FC13-6783669AFB51}"
EndProject
Project("{FAE04EC0-301F-11D3-BF4B-00C04F79EFBC}") = "Unity.2D.Common.Editor", "Unity.2D.Common.Editor.csproj", "{54939F99-CA18-6B9C-8296-5FA3D17979C8}"
EndProject
Project("{FAE04EC0-301F-11D3-BF4B-00C04F79EFBC}") = "Unity.CollabProxy.Editor", "Unity.CollabProxy.Editor.csproj", "{E30EF8B0-62B5-FA0E-1354-CDE97F397609}"
EndProject
Project("{FAE04EC0-301F-11D3-BF4B-00C04F79EFBC}") = "Unity.Mathematics.Editor", "Unity.Mathematics.Editor.csproj", "{BB313FFB-C7BA-D27C-E40F-B9257DDF3F91}"
EndProject
Project("{FAE04EC0-301F-11D3-BF4B-00C04F79EFBC}") = "Unity.2D.Tilemap.Extras.Editor", "Unity.2D.Tilemap.Extras.Editor.csproj", "{434AED04-E2B1-4894-8172-895766315458}"
EndProject
Project("{FAE04EC0-301F-11D3-BF4B-00C04F79EFBC}") = "Unity.Burst.Editor", "Unity.Burst.Editor.csproj", "{11B711E8-664C-2059-EC1E-9A0038B2AB67}"
EndProject
Project("{FAE04EC0-301F-11D3-BF4B-00C04F79EFBC}") = "Unity.InternalAPIEditorBridge.001", "Unity.InternalAPIEditorBridge.001.csproj", "{6962252A-C737-33C7-5254-4E834333ED52}"
EndProject
Project("{FAE04EC0-301F-11D3-BF4B-00C04F79EFBC}") = "Unity.ShaderGraph.Utilities", "Unity.ShaderGraph.Utilities.csproj", "{0663C68C-21C3-4E8D-527C-7FDD8B8CC022}"
EndProject
Project("{FAE04EC0-301F-11D3-BF4B-00C04F79EFBC}") = "Unity.VisualScripting.Shared.Editor", "Unity.VisualScripting.Shared.Editor.csproj", "{50F2551F-9D69-FCEF-02C8-2DD25EDBB0C0}"
EndProject
Project("{FAE04EC0-301F-11D3-BF4B-00C04F79EFBC}") = "UnityEngine.UI", "UnityEngine.UI.Player.csproj", "{C2FF8FC1-7DBF-4316-233C-952A9F7DF20B}"
EndProject
Project("{FAE04EC0-301F-11D3-BF4B-00C04F79EFBC}") = "Unity.RenderPipelines.Core.Runtime", "Unity.RenderPipelines.Core.Runtime.Player.csproj", "{39C97ABB-17FC-05F9-606B-6AEC203EAB81}"
EndProject
Project("{FAE04EC0-301F-11D3-BF4B-00C04F79EFBC}") = "UnityEngine.TestRunner", "UnityEngine.TestRunner.Player.csproj", "{4BC0CC0B-AE08-28C0-5148-C8B240F4CDD0}"
EndProject
Project("{FAE04EC0-301F-11D3-BF4B-00C04F79EFBC}") = "Unity.VisualScripting.Flow", "Unity.VisualScripting.Flow.Player.csproj", "{3372CD8C-239A-5EAD-DEBF-F585F2FDB542}"
EndProject
Project("{FAE04EC0-301F-11D3-BF4B-00C04F79EFBC}") = "Unity.Mathematics", "Unity.Mathematics.Player.csproj", "{76242995-D42E-90B5-3386-104DB5DF0E08}"
EndProject
Project("{FAE04EC0-301F-11D3-BF4B-00C04F79EFBC}") = "Unity.VisualScripting.State", "Unity.VisualScripting.State.Player.csproj", "{F14CB587-963C-9E33-E753-0728FCACD729}"
EndProject
Project("{FAE04EC0-301F-11D3-BF4B-00C04F79EFBC}") = "Unity.VisualScripting.Core", "Unity.VisualScripting.Core.Player.csproj", "{9C1185F9-2F2E-16F0-37A9-EFE17C48A4E7}"
EndProject
Project("{FAE04EC0-301F-11D3-BF4B-00C04F79EFBC}") = "Unity.RenderPipelines.Universal.Runtime", "Unity.RenderPipelines.Universal.Runtime.Player.csproj", "{9E6E3CC3-821B-5356-392B-558A92684E91}"
EndProject
Project("{FAE04EC0-301F-11D3-BF4B-00C04F79EFBC}") = "Unity.Burst", "Unity.Burst.Player.csproj", "{83F01972-D6DC-83F7-D8EA-F9640CA0808D}"
EndProject
Project("{FAE04EC0-301F-11D3-BF4B-00C04F79EFBC}") = "Unity.2D.Animation.Runtime", "Unity.2D.Animation.Runtime.Player.csproj", "{A34DDD87-0B5B-18BC-85DB-452FEF452965}"
EndProject
Project("{FAE04EC0-301F-11D3-BF4B-00C04F79EFBC}") = "Unity.TextMeshPro", "Unity.TextMeshPro.Player.csproj", "{CF8AA606-FB24-29F5-A06D-687E2DD14249}"
EndProject
Project("{FAE04EC0-301F-11D3-BF4B-00C04F79EFBC}") = "Unity.Timeline", "Unity.Timeline.Player.csproj", "{F0050271-BB4B-DE76-A3BB-52077EECDFF4}"
EndProject
Project("{FAE04EC0-301F-11D3-BF4B-00C04F79EFBC}") = "Unity.RenderPipeline.Universal.ShaderLibrary", "Unity.RenderPipeline.Universal.ShaderLibrary.Player.csproj", "{EE4EF89C-243C-982C-6DD1-92BAC4D5EDB5}"
EndProject
Project("{FAE04EC0-301F-11D3-BF4B-00C04F79EFBC}") = "Unity.2D.SpriteShape.Runtime", "Unity.2D.SpriteShape.Runtime.Player.csproj", "{F6E0EC8C-1DD5-E17A-74A4-84F6887388AC}"
EndProject
Project("{FAE04EC0-301F-11D3-BF4B-00C04F79EFBC}") = "Unity.2D.PixelPerfect", "Unity.2D.PixelPerfect.Player.csproj", "{2B714DCC-B5AD-D0CB-3D73-0FC8D676FF50}"
EndProject
Project("{FAE04EC0-301F-11D3-BF4B-00C04F79EFBC}") = "Unity.2D.Common.Runtime", "Unity.2D.Common.Runtime.Player.csproj", "{46052D0A-A5FE-7233-16D0-FDD22F41E6A3}"
EndProject
Project("{FAE04EC0-301F-11D3-BF4B-00C04F79EFBC}") = "Unity.2D.IK.Runtime", "Unity.2D.IK.Runtime.Player.csproj", "{2B81C895-486F-3D56-32D5-0ACCF73073CC}"
EndProject
Project("{FAE04EC0-301F-11D3-BF4B-00C04F79EFBC}") = "Assembly-CSharp", "Assembly-CSharp.Player.csproj", "{BB9675C9-561C-3AE0-0E32-B6951635DFAB}"
EndProject
Project("{FAE04EC0-301F-11D3-BF4B-00C04F79EFBC}") = "Unity.2D.Tilemap.Extras", "Unity.2D.Tilemap.Extras.Player.csproj", "{7FD1D951-5711-683C-87D3-61E80ADB0C33}"
EndProject
Project("{FAE04EC0-301F-11D3-BF4B-00C04F79EFBC}") = "Unity.RenderPipelines.Core.ShaderLibrary", "Unity.RenderPipelines.Core.ShaderLibrary.Player.csproj", "{08BFA55B-393E-F479-DF81-2E1A13336DA0}"
EndProject
Project("{FAE04EC0-301F-11D3-BF4B-00C04F79EFBC}") = "Unity.InternalAPIEngineBridge.001", "Unity.InternalAPIEngineBridge.001.Player.csproj", "{3742F456-11E2-9F55-DAF5-DBB2D01617FB}"
EndProject
Project("{FAE04EC0-301F-11D3-BF4B-00C04F79EFBC}") = "Unity.RenderPipelines.Universal.Shaders", "Unity.RenderPipelines.Universal.Shaders.Player.csproj", "{FAA42BEE-00DC-2B88-FF1A-29ADC9C7819F}"
EndProject
Project("{FAE04EC0-301F-11D3-BF4B-00C04F79EFBC}") = "Unity.RenderPipelines.ShaderGraph.ShaderGraphLibrary", "Unity.RenderPipelines.ShaderGraph.ShaderGraphLibrary.Player.csproj", "{04FE9401-431B-5C45-9892-9D0D2F747857}"
EndProject
Global
	GlobalSection(SolutionConfigurationPlatforms) = preSolution
		Debug|Any CPU = Debug|Any CPU
		Release|Any CPU = Release|Any CPU
	EndGlobalSection
	GlobalSection(ProjectConfigurationPlatforms) = postSolution
		{14BCF8D2-2E26-2863-75C6-428BEF24042C}.Debug|Any CPU.ActiveCfg = Debug|Any CPU
		{14BCF8D2-2E26-2863-75C6-428BEF24042C}.Debug|Any CPU.Build.0 = Debug|Any CPU
		{14BCF8D2-2E26-2863-75C6-428BEF24042C}.Release|Any CPU.ActiveCfg = Release|Any CPU
		{14BCF8D2-2E26-2863-75C6-428BEF24042C}.Release|Any CPU.Build.0 = Release|Any CPU
		{15A3944F-244D-8703-058A-9D1DE1ED40F4}.Debug|Any CPU.ActiveCfg = Debug|Any CPU
		{15A3944F-244D-8703-058A-9D1DE1ED40F4}.Debug|Any CPU.Build.0 = Debug|Any CPU
		{15A3944F-244D-8703-058A-9D1DE1ED40F4}.Release|Any CPU.ActiveCfg = Release|Any CPU
		{15A3944F-244D-8703-058A-9D1DE1ED40F4}.Release|Any CPU.Build.0 = Release|Any CPU
		{9F3CF1F7-9E2A-EF68-E15C-A74744A698E9}.Debug|Any CPU.ActiveCfg = Debug|Any CPU
		{9F3CF1F7-9E2A-EF68-E15C-A74744A698E9}.Debug|Any CPU.Build.0 = Debug|Any CPU
		{9F3CF1F7-9E2A-EF68-E15C-A74744A698E9}.Release|Any CPU.ActiveCfg = Release|Any CPU
		{9F3CF1F7-9E2A-EF68-E15C-A74744A698E9}.Release|Any CPU.Build.0 = Release|Any CPU
		{5F79980B-986A-F933-6442-BD4A3A891A5A}.Debug|Any CPU.ActiveCfg = Debug|Any CPU
		{5F79980B-986A-F933-6442-BD4A3A891A5A}.Debug|Any CPU.Build.0 = Debug|Any CPU
		{5F79980B-986A-F933-6442-BD4A3A891A5A}.Release|Any CPU.ActiveCfg = Release|Any CPU
		{5F79980B-986A-F933-6442-BD4A3A891A5A}.Release|Any CPU.Build.0 = Release|Any CPU
		{9D6208A4-4026-A040-4BE9-D6FF0E027468}.Debug|Any CPU.ActiveCfg = Debug|Any CPU
		{9D6208A4-4026-A040-4BE9-D6FF0E027468}.Debug|Any CPU.Build.0 = Debug|Any CPU
		{9D6208A4-4026-A040-4BE9-D6FF0E027468}.Release|Any CPU.ActiveCfg = Release|Any CPU
		{9D6208A4-4026-A040-4BE9-D6FF0E027468}.Release|Any CPU.Build.0 = Release|Any CPU
		{6B4EA527-28D4-5933-94B7-EB6A235B45D6}.Debug|Any CPU.ActiveCfg = Debug|Any CPU
		{6B4EA527-28D4-5933-94B7-EB6A235B45D6}.Debug|Any CPU.Build.0 = Debug|Any CPU
		{6B4EA527-28D4-5933-94B7-EB6A235B45D6}.Release|Any CPU.ActiveCfg = Release|Any CPU
		{6B4EA527-28D4-5933-94B7-EB6A235B45D6}.Release|Any CPU.Build.0 = Release|Any CPU
		{8CA3EB1C-8CAC-D8D7-27BC-E8B481D14790}.Debug|Any CPU.ActiveCfg = Debug|Any CPU
		{8CA3EB1C-8CAC-D8D7-27BC-E8B481D14790}.Debug|Any CPU.Build.0 = Debug|Any CPU
		{8CA3EB1C-8CAC-D8D7-27BC-E8B481D14790}.Release|Any CPU.ActiveCfg = Release|Any CPU
		{8CA3EB1C-8CAC-D8D7-27BC-E8B481D14790}.Release|Any CPU.Build.0 = Release|Any CPU
		{58F21911-3382-5081-0D61-3CE5D3DF3714}.Debug|Any CPU.ActiveCfg = Debug|Any CPU
		{58F21911-3382-5081-0D61-3CE5D3DF3714}.Debug|Any CPU.Build.0 = Debug|Any CPU
		{58F21911-3382-5081-0D61-3CE5D3DF3714}.Release|Any CPU.ActiveCfg = Release|Any CPU
		{58F21911-3382-5081-0D61-3CE5D3DF3714}.Release|Any CPU.Build.0 = Release|Any CPU
		{BB75D9B0-9F34-1E2F-A4BF-634C5C02E9BB}.Debug|Any CPU.ActiveCfg = Debug|Any CPU
		{BB75D9B0-9F34-1E2F-A4BF-634C5C02E9BB}.Debug|Any CPU.Build.0 = Debug|Any CPU
		{BB75D9B0-9F34-1E2F-A4BF-634C5C02E9BB}.Release|Any CPU.ActiveCfg = Release|Any CPU
		{BB75D9B0-9F34-1E2F-A4BF-634C5C02E9BB}.Release|Any CPU.Build.0 = Release|Any CPU
		{F0BC0B5C-1BC0-8178-E053-4A68086E0945}.Debug|Any CPU.ActiveCfg = Debug|Any CPU
		{F0BC0B5C-1BC0-8178-E053-4A68086E0945}.Debug|Any CPU.Build.0 = Debug|Any CPU
		{F0BC0B5C-1BC0-8178-E053-4A68086E0945}.Release|Any CPU.ActiveCfg = Release|Any CPU
		{F0BC0B5C-1BC0-8178-E053-4A68086E0945}.Release|Any CPU.Build.0 = Release|Any CPU
		{8D4A7983-52D3-64DC-B3E9-5E196DB49F9D}.Debug|Any CPU.ActiveCfg = Debug|Any CPU
		{8D4A7983-52D3-64DC-B3E9-5E196DB49F9D}.Debug|Any CPU.Build.0 = Debug|Any CPU
		{8D4A7983-52D3-64DC-B3E9-5E196DB49F9D}.Release|Any CPU.ActiveCfg = Release|Any CPU
		{8D4A7983-52D3-64DC-B3E9-5E196DB49F9D}.Release|Any CPU.Build.0 = Release|Any CPU
		{2987DB36-4E88-712D-FC8F-E31D5146B7C0}.Debug|Any CPU.ActiveCfg = Debug|Any CPU
		{2987DB36-4E88-712D-FC8F-E31D5146B7C0}.Debug|Any CPU.Build.0 = Debug|Any CPU
		{2987DB36-4E88-712D-FC8F-E31D5146B7C0}.Release|Any CPU.ActiveCfg = Release|Any CPU
		{2987DB36-4E88-712D-FC8F-E31D5146B7C0}.Release|Any CPU.Build.0 = Release|Any CPU
		{290711A1-D18E-BB65-57A9-F4F70837B29B}.Debug|Any CPU.ActiveCfg = Debug|Any CPU
		{290711A1-D18E-BB65-57A9-F4F70837B29B}.Debug|Any CPU.Build.0 = Debug|Any CPU
		{290711A1-D18E-BB65-57A9-F4F70837B29B}.Release|Any CPU.ActiveCfg = Release|Any CPU
		{290711A1-D18E-BB65-57A9-F4F70837B29B}.Release|Any CPU.Build.0 = Release|Any CPU
		{B9ACC587-5B58-427C-C47E-C0C1DA3A50F9}.Debug|Any CPU.ActiveCfg = Debug|Any CPU
		{B9ACC587-5B58-427C-C47E-C0C1DA3A50F9}.Debug|Any CPU.Build.0 = Debug|Any CPU
		{B9ACC587-5B58-427C-C47E-C0C1DA3A50F9}.Release|Any CPU.ActiveCfg = Release|Any CPU
		{B9ACC587-5B58-427C-C47E-C0C1DA3A50F9}.Release|Any CPU.Build.0 = Release|Any CPU
		{05CEC14C-7BDB-41F5-4AF8-6077FC02F41A}.Debug|Any CPU.ActiveCfg = Debug|Any CPU
		{05CEC14C-7BDB-41F5-4AF8-6077FC02F41A}.Debug|Any CPU.Build.0 = Debug|Any CPU
		{05CEC14C-7BDB-41F5-4AF8-6077FC02F41A}.Release|Any CPU.ActiveCfg = Release|Any CPU
		{05CEC14C-7BDB-41F5-4AF8-6077FC02F41A}.Release|Any CPU.Build.0 = Release|Any CPU
		{20DC5417-2BB1-31C6-DE49-4DB00B6828B2}.Debug|Any CPU.ActiveCfg = Debug|Any CPU
		{20DC5417-2BB1-31C6-DE49-4DB00B6828B2}.Debug|Any CPU.Build.0 = Debug|Any CPU
		{20DC5417-2BB1-31C6-DE49-4DB00B6828B2}.Release|Any CPU.ActiveCfg = Release|Any CPU
		{20DC5417-2BB1-31C6-DE49-4DB00B6828B2}.Release|Any CPU.Build.0 = Release|Any CPU
		{2C213090-78D7-F4D7-A2CB-A26ADF02A192}.Debug|Any CPU.ActiveCfg = Debug|Any CPU
		{2C213090-78D7-F4D7-A2CB-A26ADF02A192}.Debug|Any CPU.Build.0 = Debug|Any CPU
		{2C213090-78D7-F4D7-A2CB-A26ADF02A192}.Release|Any CPU.ActiveCfg = Release|Any CPU
		{2C213090-78D7-F4D7-A2CB-A26ADF02A192}.Release|Any CPU.Build.0 = Release|Any CPU
		{11BC989B-FFE8-A9ED-93FB-14206F6A537E}.Debug|Any CPU.ActiveCfg = Debug|Any CPU
		{11BC989B-FFE8-A9ED-93FB-14206F6A537E}.Debug|Any CPU.Build.0 = Debug|Any CPU
		{11BC989B-FFE8-A9ED-93FB-14206F6A537E}.Release|Any CPU.ActiveCfg = Release|Any CPU
		{11BC989B-FFE8-A9ED-93FB-14206F6A537E}.Release|Any CPU.Build.0 = Release|Any CPU
		{81F0B96F-CA2B-4EA7-1AC0-09D7DC476701}.Debug|Any CPU.ActiveCfg = Debug|Any CPU
		{81F0B96F-CA2B-4EA7-1AC0-09D7DC476701}.Debug|Any CPU.Build.0 = Debug|Any CPU
		{81F0B96F-CA2B-4EA7-1AC0-09D7DC476701}.Release|Any CPU.ActiveCfg = Release|Any CPU
		{81F0B96F-CA2B-4EA7-1AC0-09D7DC476701}.Release|Any CPU.Build.0 = Release|Any CPU
		{AEAA9A85-C68E-CCE2-DC73-E55E243FEDE7}.Debug|Any CPU.ActiveCfg = Debug|Any CPU
		{AEAA9A85-C68E-CCE2-DC73-E55E243FEDE7}.Debug|Any CPU.Build.0 = Debug|Any CPU
		{AEAA9A85-C68E-CCE2-DC73-E55E243FEDE7}.Release|Any CPU.ActiveCfg = Release|Any CPU
		{AEAA9A85-C68E-CCE2-DC73-E55E243FEDE7}.Release|Any CPU.Build.0 = Release|Any CPU
		{DE708045-A069-0BBB-83F3-74B29AA3E1CA}.Debug|Any CPU.ActiveCfg = Debug|Any CPU
		{DE708045-A069-0BBB-83F3-74B29AA3E1CA}.Debug|Any CPU.Build.0 = Debug|Any CPU
		{DE708045-A069-0BBB-83F3-74B29AA3E1CA}.Release|Any CPU.ActiveCfg = Release|Any CPU
		{DE708045-A069-0BBB-83F3-74B29AA3E1CA}.Release|Any CPU.Build.0 = Release|Any CPU
		{FD53D70F-452F-B0C4-3475-3C1BD3CE6BAE}.Debug|Any CPU.ActiveCfg = Debug|Any CPU
		{FD53D70F-452F-B0C4-3475-3C1BD3CE6BAE}.Debug|Any CPU.Build.0 = Debug|Any CPU
		{FD53D70F-452F-B0C4-3475-3C1BD3CE6BAE}.Release|Any CPU.ActiveCfg = Release|Any CPU
		{FD53D70F-452F-B0C4-3475-3C1BD3CE6BAE}.Release|Any CPU.Build.0 = Release|Any CPU
		{0351D1CB-6DAA-24AA-CB1F-F54C0EEAA717}.Debug|Any CPU.ActiveCfg = Debug|Any CPU
		{0351D1CB-6DAA-24AA-CB1F-F54C0EEAA717}.Debug|Any CPU.Build.0 = Debug|Any CPU
		{0351D1CB-6DAA-24AA-CB1F-F54C0EEAA717}.Release|Any CPU.ActiveCfg = Release|Any CPU
		{0351D1CB-6DAA-24AA-CB1F-F54C0EEAA717}.Release|Any CPU.Build.0 = Release|Any CPU
		{8BF3221F-EB2D-2157-A03F-C88EF297C31F}.Debug|Any CPU.ActiveCfg = Debug|Any CPU
		{8BF3221F-EB2D-2157-A03F-C88EF297C31F}.Debug|Any CPU.Build.0 = Debug|Any CPU
		{8BF3221F-EB2D-2157-A03F-C88EF297C31F}.Release|Any CPU.ActiveCfg = Release|Any CPU
		{8BF3221F-EB2D-2157-A03F-C88EF297C31F}.Release|Any CPU.Build.0 = Release|Any CPU
		{661253C0-2E88-FE7B-3FAB-5E0881A053B6}.Debug|Any CPU.ActiveCfg = Debug|Any CPU
		{661253C0-2E88-FE7B-3FAB-5E0881A053B6}.Debug|Any CPU.Build.0 = Debug|Any CPU
		{661253C0-2E88-FE7B-3FAB-5E0881A053B6}.Release|Any CPU.ActiveCfg = Release|Any CPU
		{661253C0-2E88-FE7B-3FAB-5E0881A053B6}.Release|Any CPU.Build.0 = Release|Any CPU
		{17C79C4C-6456-ECD5-1BDB-5102C4F5C47E}.Debug|Any CPU.ActiveCfg = Debug|Any CPU
		{17C79C4C-6456-ECD5-1BDB-5102C4F5C47E}.Debug|Any CPU.Build.0 = Debug|Any CPU
		{17C79C4C-6456-ECD5-1BDB-5102C4F5C47E}.Release|Any CPU.ActiveCfg = Release|Any CPU
		{17C79C4C-6456-ECD5-1BDB-5102C4F5C47E}.Release|Any CPU.Build.0 = Release|Any CPU
		{7AABA7CC-E19A-0662-157F-888384524D84}.Debug|Any CPU.ActiveCfg = Debug|Any CPU
		{7AABA7CC-E19A-0662-157F-888384524D84}.Debug|Any CPU.Build.0 = Debug|Any CPU
		{7AABA7CC-E19A-0662-157F-888384524D84}.Release|Any CPU.ActiveCfg = Release|Any CPU
		{7AABA7CC-E19A-0662-157F-888384524D84}.Release|Any CPU.Build.0 = Release|Any CPU
		{D19C328D-60A6-070D-CEFB-E79AC0723B38}.Debug|Any CPU.ActiveCfg = Debug|Any CPU
		{D19C328D-60A6-070D-CEFB-E79AC0723B38}.Debug|Any CPU.Build.0 = Debug|Any CPU
		{D19C328D-60A6-070D-CEFB-E79AC0723B38}.Release|Any CPU.ActiveCfg = Release|Any CPU
		{D19C328D-60A6-070D-CEFB-E79AC0723B38}.Release|Any CPU.Build.0 = Release|Any CPU
		{70E74E71-804F-A343-4F7A-77232616C17B}.Debug|Any CPU.ActiveCfg = Debug|Any CPU
		{70E74E71-804F-A343-4F7A-77232616C17B}.Debug|Any CPU.Build.0 = Debug|Any CPU
		{70E74E71-804F-A343-4F7A-77232616C17B}.Release|Any CPU.ActiveCfg = Release|Any CPU
		{70E74E71-804F-A343-4F7A-77232616C17B}.Release|Any CPU.Build.0 = Release|Any CPU
		{A3143E62-F62F-33DC-8D5A-7E27104F3C34}.Debug|Any CPU.ActiveCfg = Debug|Any CPU
		{A3143E62-F62F-33DC-8D5A-7E27104F3C34}.Debug|Any CPU.Build.0 = Debug|Any CPU
		{A3143E62-F62F-33DC-8D5A-7E27104F3C34}.Release|Any CPU.ActiveCfg = Release|Any CPU
		{A3143E62-F62F-33DC-8D5A-7E27104F3C34}.Release|Any CPU.Build.0 = Release|Any CPU
		{5040E337-AE4F-74B3-59A3-4A51A457743B}.Debug|Any CPU.ActiveCfg = Debug|Any CPU
		{5040E337-AE4F-74B3-59A3-4A51A457743B}.Debug|Any CPU.Build.0 = Debug|Any CPU
		{5040E337-AE4F-74B3-59A3-4A51A457743B}.Release|Any CPU.ActiveCfg = Release|Any CPU
		{5040E337-AE4F-74B3-59A3-4A51A457743B}.Release|Any CPU.Build.0 = Release|Any CPU
		{E8FD2498-D450-A864-E221-390784C74817}.Debug|Any CPU.ActiveCfg = Debug|Any CPU
		{E8FD2498-D450-A864-E221-390784C74817}.Debug|Any CPU.Build.0 = Debug|Any CPU
		{E8FD2498-D450-A864-E221-390784C74817}.Release|Any CPU.ActiveCfg = Release|Any CPU
		{E8FD2498-D450-A864-E221-390784C74817}.Release|Any CPU.Build.0 = Release|Any CPU
		{E36180C2-B8F4-67AA-FBA1-804D77F0B56C}.Debug|Any CPU.ActiveCfg = Debug|Any CPU
		{E36180C2-B8F4-67AA-FBA1-804D77F0B56C}.Debug|Any CPU.Build.0 = Debug|Any CPU
		{E36180C2-B8F4-67AA-FBA1-804D77F0B56C}.Release|Any CPU.ActiveCfg = Release|Any CPU
		{E36180C2-B8F4-67AA-FBA1-804D77F0B56C}.Release|Any CPU.Build.0 = Release|Any CPU
		{3C022406-0A3D-CE84-F2F2-3B0204AF499F}.Debug|Any CPU.ActiveCfg = Debug|Any CPU
		{3C022406-0A3D-CE84-F2F2-3B0204AF499F}.Debug|Any CPU.Build.0 = Debug|Any CPU
		{3C022406-0A3D-CE84-F2F2-3B0204AF499F}.Release|Any CPU.ActiveCfg = Release|Any CPU
		{3C022406-0A3D-CE84-F2F2-3B0204AF499F}.Release|Any CPU.Build.0 = Release|Any CPU
		{5AFC5254-F5C4-4662-2237-3A3898C7383B}.Debug|Any CPU.ActiveCfg = Debug|Any CPU
		{5AFC5254-F5C4-4662-2237-3A3898C7383B}.Debug|Any CPU.Build.0 = Debug|Any CPU
		{5AFC5254-F5C4-4662-2237-3A3898C7383B}.Release|Any CPU.ActiveCfg = Release|Any CPU
		{5AFC5254-F5C4-4662-2237-3A3898C7383B}.Release|Any CPU.Build.0 = Release|Any CPU
		{CB7624C4-A533-4724-5626-70A42D276F6A}.Debug|Any CPU.ActiveCfg = Debug|Any CPU
		{CB7624C4-A533-4724-5626-70A42D276F6A}.Debug|Any CPU.Build.0 = Debug|Any CPU
		{CB7624C4-A533-4724-5626-70A42D276F6A}.Release|Any CPU.ActiveCfg = Release|Any CPU
		{CB7624C4-A533-4724-5626-70A42D276F6A}.Release|Any CPU.Build.0 = Release|Any CPU
		{F6C195EF-7E01-6011-0A01-10BC3C1950E9}.Debug|Any CPU.ActiveCfg = Debug|Any CPU
		{F6C195EF-7E01-6011-0A01-10BC3C1950E9}.Debug|Any CPU.Build.0 = Debug|Any CPU
		{F6C195EF-7E01-6011-0A01-10BC3C1950E9}.Release|Any CPU.ActiveCfg = Release|Any CPU
		{F6C195EF-7E01-6011-0A01-10BC3C1950E9}.Release|Any CPU.Build.0 = Release|Any CPU
		{A3EE540F-9527-F19E-7C30-AA31A01B47A1}.Debug|Any CPU.ActiveCfg = Debug|Any CPU
		{A3EE540F-9527-F19E-7C30-AA31A01B47A1}.Debug|Any CPU.Build.0 = Debug|Any CPU
		{A3EE540F-9527-F19E-7C30-AA31A01B47A1}.Release|Any CPU.ActiveCfg = Release|Any CPU
		{A3EE540F-9527-F19E-7C30-AA31A01B47A1}.Release|Any CPU.Build.0 = Release|Any CPU
		{543A7489-C50E-1037-9E3D-28CD32F04C10}.Debug|Any CPU.ActiveCfg = Debug|Any CPU
		{543A7489-C50E-1037-9E3D-28CD32F04C10}.Debug|Any CPU.Build.0 = Debug|Any CPU
		{543A7489-C50E-1037-9E3D-28CD32F04C10}.Release|Any CPU.ActiveCfg = Release|Any CPU
		{543A7489-C50E-1037-9E3D-28CD32F04C10}.Release|Any CPU.Build.0 = Release|Any CPU
		{EEA9807E-73EE-4FBA-62BF-351670257CD5}.Debug|Any CPU.ActiveCfg = Debug|Any CPU
		{EEA9807E-73EE-4FBA-62BF-351670257CD5}.Debug|Any CPU.Build.0 = Debug|Any CPU
		{EEA9807E-73EE-4FBA-62BF-351670257CD5}.Release|Any CPU.ActiveCfg = Release|Any CPU
		{EEA9807E-73EE-4FBA-62BF-351670257CD5}.Release|Any CPU.Build.0 = Release|Any CPU
		{A0A35866-3B72-87CA-1901-FA1C9CC0AF0E}.Debug|Any CPU.ActiveCfg = Debug|Any CPU
		{A0A35866-3B72-87CA-1901-FA1C9CC0AF0E}.Debug|Any CPU.Build.0 = Debug|Any CPU
		{A0A35866-3B72-87CA-1901-FA1C9CC0AF0E}.Release|Any CPU.ActiveCfg = Release|Any CPU
		{A0A35866-3B72-87CA-1901-FA1C9CC0AF0E}.Release|Any CPU.Build.0 = Release|Any CPU
		{8CB5821A-BA12-4916-768E-216401001A73}.Debug|Any CPU.ActiveCfg = Debug|Any CPU
		{8CB5821A-BA12-4916-768E-216401001A73}.Debug|Any CPU.Build.0 = Debug|Any CPU
		{8CB5821A-BA12-4916-768E-216401001A73}.Release|Any CPU.ActiveCfg = Release|Any CPU
		{8CB5821A-BA12-4916-768E-216401001A73}.Release|Any CPU.Build.0 = Release|Any CPU
		{30F5C299-7660-47D1-4271-8BCE8996A470}.Debug|Any CPU.ActiveCfg = Debug|Any CPU
		{30F5C299-7660-47D1-4271-8BCE8996A470}.Debug|Any CPU.Build.0 = Debug|Any CPU
		{30F5C299-7660-47D1-4271-8BCE8996A470}.Release|Any CPU.ActiveCfg = Release|Any CPU
		{30F5C299-7660-47D1-4271-8BCE8996A470}.Release|Any CPU.Build.0 = Release|Any CPU
		{CD3B5447-D29A-B4DD-A517-95F94EC79F44}.Debug|Any CPU.ActiveCfg = Debug|Any CPU
		{CD3B5447-D29A-B4DD-A517-95F94EC79F44}.Debug|Any CPU.Build.0 = Debug|Any CPU
		{CD3B5447-D29A-B4DD-A517-95F94EC79F44}.Release|Any CPU.ActiveCfg = Release|Any CPU
		{CD3B5447-D29A-B4DD-A517-95F94EC79F44}.Release|Any CPU.Build.0 = Release|Any CPU
		{FE950C1D-3D55-396F-4594-687DF9A12019}.Debug|Any CPU.ActiveCfg = Debug|Any CPU
		{FE950C1D-3D55-396F-4594-687DF9A12019}.Debug|Any CPU.Build.0 = Debug|Any CPU
		{FE950C1D-3D55-396F-4594-687DF9A12019}.Release|Any CPU.ActiveCfg = Release|Any CPU
		{FE950C1D-3D55-396F-4594-687DF9A12019}.Release|Any CPU.Build.0 = Release|Any CPU
		{F64FB666-95C9-412E-0871-B59B35AF8B9D}.Debug|Any CPU.ActiveCfg = Debug|Any CPU
		{F64FB666-95C9-412E-0871-B59B35AF8B9D}.Debug|Any CPU.Build.0 = Debug|Any CPU
		{F64FB666-95C9-412E-0871-B59B35AF8B9D}.Release|Any CPU.ActiveCfg = Release|Any CPU
		{F64FB666-95C9-412E-0871-B59B35AF8B9D}.Release|Any CPU.Build.0 = Release|Any CPU
		{9AA05DA8-D6EC-60B8-1C55-954969BB9B2B}.Debug|Any CPU.ActiveCfg = Debug|Any CPU
		{9AA05DA8-D6EC-60B8-1C55-954969BB9B2B}.Debug|Any CPU.Build.0 = Debug|Any CPU
		{9AA05DA8-D6EC-60B8-1C55-954969BB9B2B}.Release|Any CPU.ActiveCfg = Release|Any CPU
		{9AA05DA8-D6EC-60B8-1C55-954969BB9B2B}.Release|Any CPU.Build.0 = Release|Any CPU
		{A5D0860D-5A82-458F-6759-031D7E8AB4A7}.Debug|Any CPU.ActiveCfg = Debug|Any CPU
		{A5D0860D-5A82-458F-6759-031D7E8AB4A7}.Debug|Any CPU.Build.0 = Debug|Any CPU
		{A5D0860D-5A82-458F-6759-031D7E8AB4A7}.Release|Any CPU.ActiveCfg = Release|Any CPU
		{A5D0860D-5A82-458F-6759-031D7E8AB4A7}.Release|Any CPU.Build.0 = Release|Any CPU
		{15E5D94F-B855-BE00-E782-E4DF86D81B96}.Debug|Any CPU.ActiveCfg = Debug|Any CPU
		{15E5D94F-B855-BE00-E782-E4DF86D81B96}.Debug|Any CPU.Build.0 = Debug|Any CPU
		{15E5D94F-B855-BE00-E782-E4DF86D81B96}.Release|Any CPU.ActiveCfg = Release|Any CPU
		{15E5D94F-B855-BE00-E782-E4DF86D81B96}.Release|Any CPU.Build.0 = Release|Any CPU
		{55FF5D80-44A4-22B5-FC13-6783669AFB51}.Debug|Any CPU.ActiveCfg = Debug|Any CPU
		{55FF5D80-44A4-22B5-FC13-6783669AFB51}.Debug|Any CPU.Build.0 = Debug|Any CPU
		{55FF5D80-44A4-22B5-FC13-6783669AFB51}.Release|Any CPU.ActiveCfg = Release|Any CPU
		{55FF5D80-44A4-22B5-FC13-6783669AFB51}.Release|Any CPU.Build.0 = Release|Any CPU
		{54939F99-CA18-6B9C-8296-5FA3D17979C8}.Debug|Any CPU.ActiveCfg = Debug|Any CPU
		{54939F99-CA18-6B9C-8296-5FA3D17979C8}.Debug|Any CPU.Build.0 = Debug|Any CPU
		{54939F99-CA18-6B9C-8296-5FA3D17979C8}.Release|Any CPU.ActiveCfg = Release|Any CPU
		{54939F99-CA18-6B9C-8296-5FA3D17979C8}.Release|Any CPU.Build.0 = Release|Any CPU
		{E30EF8B0-62B5-FA0E-1354-CDE97F397609}.Debug|Any CPU.ActiveCfg = Debug|Any CPU
		{E30EF8B0-62B5-FA0E-1354-CDE97F397609}.Debug|Any CPU.Build.0 = Debug|Any CPU
		{E30EF8B0-62B5-FA0E-1354-CDE97F397609}.Release|Any CPU.ActiveCfg = Release|Any CPU
		{E30EF8B0-62B5-FA0E-1354-CDE97F397609}.Release|Any CPU.Build.0 = Release|Any CPU
		{BB313FFB-C7BA-D27C-E40F-B9257DDF3F91}.Debug|Any CPU.ActiveCfg = Debug|Any CPU
		{BB313FFB-C7BA-D27C-E40F-B9257DDF3F91}.Debug|Any CPU.Build.0 = Debug|Any CPU
		{BB313FFB-C7BA-D27C-E40F-B9257DDF3F91}.Release|Any CPU.ActiveCfg = Release|Any CPU
		{BB313FFB-C7BA-D27C-E40F-B9257DDF3F91}.Release|Any CPU.Build.0 = Release|Any CPU
		{434AED04-E2B1-4894-8172-895766315458}.Debug|Any CPU.ActiveCfg = Debug|Any CPU
		{434AED04-E2B1-4894-8172-895766315458}.Debug|Any CPU.Build.0 = Debug|Any CPU
		{434AED04-E2B1-4894-8172-895766315458}.Release|Any CPU.ActiveCfg = Release|Any CPU
		{434AED04-E2B1-4894-8172-895766315458}.Release|Any CPU.Build.0 = Release|Any CPU
		{11B711E8-664C-2059-EC1E-9A0038B2AB67}.Debug|Any CPU.ActiveCfg = Debug|Any CPU
		{11B711E8-664C-2059-EC1E-9A0038B2AB67}.Debug|Any CPU.Build.0 = Debug|Any CPU
		{11B711E8-664C-2059-EC1E-9A0038B2AB67}.Release|Any CPU.ActiveCfg = Release|Any CPU
		{11B711E8-664C-2059-EC1E-9A0038B2AB67}.Release|Any CPU.Build.0 = Release|Any CPU
		{6962252A-C737-33C7-5254-4E834333ED52}.Debug|Any CPU.ActiveCfg = Debug|Any CPU
		{6962252A-C737-33C7-5254-4E834333ED52}.Debug|Any CPU.Build.0 = Debug|Any CPU
		{6962252A-C737-33C7-5254-4E834333ED52}.Release|Any CPU.ActiveCfg = Release|Any CPU
		{6962252A-C737-33C7-5254-4E834333ED52}.Release|Any CPU.Build.0 = Release|Any CPU
		{0663C68C-21C3-4E8D-527C-7FDD8B8CC022}.Debug|Any CPU.ActiveCfg = Debug|Any CPU
		{0663C68C-21C3-4E8D-527C-7FDD8B8CC022}.Debug|Any CPU.Build.0 = Debug|Any CPU
		{0663C68C-21C3-4E8D-527C-7FDD8B8CC022}.Release|Any CPU.ActiveCfg = Release|Any CPU
		{0663C68C-21C3-4E8D-527C-7FDD8B8CC022}.Release|Any CPU.Build.0 = Release|Any CPU
		{50F2551F-9D69-FCEF-02C8-2DD25EDBB0C0}.Debug|Any CPU.ActiveCfg = Debug|Any CPU
		{50F2551F-9D69-FCEF-02C8-2DD25EDBB0C0}.Debug|Any CPU.Build.0 = Debug|Any CPU
		{50F2551F-9D69-FCEF-02C8-2DD25EDBB0C0}.Release|Any CPU.ActiveCfg = Release|Any CPU
		{50F2551F-9D69-FCEF-02C8-2DD25EDBB0C0}.Release|Any CPU.Build.0 = Release|Any CPU
		{C2FF8FC1-7DBF-4316-233C-952A9F7DF20B}.Debug|Any CPU.ActiveCfg = Debug|Any CPU
		{C2FF8FC1-7DBF-4316-233C-952A9F7DF20B}.Debug|Any CPU.Build.0 = Debug|Any CPU
		{C2FF8FC1-7DBF-4316-233C-952A9F7DF20B}.Release|Any CPU.ActiveCfg = Release|Any CPU
		{C2FF8FC1-7DBF-4316-233C-952A9F7DF20B}.Release|Any CPU.Build.0 = Release|Any CPU
		{39C97ABB-17FC-05F9-606B-6AEC203EAB81}.Debug|Any CPU.ActiveCfg = Debug|Any CPU
		{39C97ABB-17FC-05F9-606B-6AEC203EAB81}.Debug|Any CPU.Build.0 = Debug|Any CPU
		{39C97ABB-17FC-05F9-606B-6AEC203EAB81}.Release|Any CPU.ActiveCfg = Release|Any CPU
		{39C97ABB-17FC-05F9-606B-6AEC203EAB81}.Release|Any CPU.Build.0 = Release|Any CPU
		{4BC0CC0B-AE08-28C0-5148-C8B240F4CDD0}.Debug|Any CPU.ActiveCfg = Debug|Any CPU
		{4BC0CC0B-AE08-28C0-5148-C8B240F4CDD0}.Debug|Any CPU.Build.0 = Debug|Any CPU
		{4BC0CC0B-AE08-28C0-5148-C8B240F4CDD0}.Release|Any CPU.ActiveCfg = Release|Any CPU
		{4BC0CC0B-AE08-28C0-5148-C8B240F4CDD0}.Release|Any CPU.Build.0 = Release|Any CPU
		{3372CD8C-239A-5EAD-DEBF-F585F2FDB542}.Debug|Any CPU.ActiveCfg = Debug|Any CPU
		{3372CD8C-239A-5EAD-DEBF-F585F2FDB542}.Debug|Any CPU.Build.0 = Debug|Any CPU
		{3372CD8C-239A-5EAD-DEBF-F585F2FDB542}.Release|Any CPU.ActiveCfg = Release|Any CPU
		{3372CD8C-239A-5EAD-DEBF-F585F2FDB542}.Release|Any CPU.Build.0 = Release|Any CPU
		{76242995-D42E-90B5-3386-104DB5DF0E08}.Debug|Any CPU.ActiveCfg = Debug|Any CPU
		{76242995-D42E-90B5-3386-104DB5DF0E08}.Debug|Any CPU.Build.0 = Debug|Any CPU
		{76242995-D42E-90B5-3386-104DB5DF0E08}.Release|Any CPU.ActiveCfg = Release|Any CPU
		{76242995-D42E-90B5-3386-104DB5DF0E08}.Release|Any CPU.Build.0 = Release|Any CPU
		{F14CB587-963C-9E33-E753-0728FCACD729}.Debug|Any CPU.ActiveCfg = Debug|Any CPU
		{F14CB587-963C-9E33-E753-0728FCACD729}.Debug|Any CPU.Build.0 = Debug|Any CPU
		{F14CB587-963C-9E33-E753-0728FCACD729}.Release|Any CPU.ActiveCfg = Release|Any CPU
		{F14CB587-963C-9E33-E753-0728FCACD729}.Release|Any CPU.Build.0 = Release|Any CPU
		{9C1185F9-2F2E-16F0-37A9-EFE17C48A4E7}.Debug|Any CPU.ActiveCfg = Debug|Any CPU
		{9C1185F9-2F2E-16F0-37A9-EFE17C48A4E7}.Debug|Any CPU.Build.0 = Debug|Any CPU
		{9C1185F9-2F2E-16F0-37A9-EFE17C48A4E7}.Release|Any CPU.ActiveCfg = Release|Any CPU
		{9C1185F9-2F2E-16F0-37A9-EFE17C48A4E7}.Release|Any CPU.Build.0 = Release|Any CPU
		{9E6E3CC3-821B-5356-392B-558A92684E91}.Debug|Any CPU.ActiveCfg = Debug|Any CPU
		{9E6E3CC3-821B-5356-392B-558A92684E91}.Debug|Any CPU.Build.0 = Debug|Any CPU
		{9E6E3CC3-821B-5356-392B-558A92684E91}.Release|Any CPU.ActiveCfg = Release|Any CPU
		{9E6E3CC3-821B-5356-392B-558A92684E91}.Release|Any CPU.Build.0 = Release|Any CPU
		{83F01972-D6DC-83F7-D8EA-F9640CA0808D}.Debug|Any CPU.ActiveCfg = Debug|Any CPU
		{83F01972-D6DC-83F7-D8EA-F9640CA0808D}.Debug|Any CPU.Build.0 = Debug|Any CPU
		{83F01972-D6DC-83F7-D8EA-F9640CA0808D}.Release|Any CPU.ActiveCfg = Release|Any CPU
		{83F01972-D6DC-83F7-D8EA-F9640CA0808D}.Release|Any CPU.Build.0 = Release|Any CPU
		{A34DDD87-0B5B-18BC-85DB-452FEF452965}.Debug|Any CPU.ActiveCfg = Debug|Any CPU
		{A34DDD87-0B5B-18BC-85DB-452FEF452965}.Debug|Any CPU.Build.0 = Debug|Any CPU
		{A34DDD87-0B5B-18BC-85DB-452FEF452965}.Release|Any CPU.ActiveCfg = Release|Any CPU
		{A34DDD87-0B5B-18BC-85DB-452FEF452965}.Release|Any CPU.Build.0 = Release|Any CPU
		{CF8AA606-FB24-29F5-A06D-687E2DD14249}.Debug|Any CPU.ActiveCfg = Debug|Any CPU
		{CF8AA606-FB24-29F5-A06D-687E2DD14249}.Debug|Any CPU.Build.0 = Debug|Any CPU
		{CF8AA606-FB24-29F5-A06D-687E2DD14249}.Release|Any CPU.ActiveCfg = Release|Any CPU
		{CF8AA606-FB24-29F5-A06D-687E2DD14249}.Release|Any CPU.Build.0 = Release|Any CPU
		{F0050271-BB4B-DE76-A3BB-52077EECDFF4}.Debug|Any CPU.ActiveCfg = Debug|Any CPU
		{F0050271-BB4B-DE76-A3BB-52077EECDFF4}.Debug|Any CPU.Build.0 = Debug|Any CPU
		{F0050271-BB4B-DE76-A3BB-52077EECDFF4}.Release|Any CPU.ActiveCfg = Release|Any CPU
		{F0050271-BB4B-DE76-A3BB-52077EECDFF4}.Release|Any CPU.Build.0 = Release|Any CPU
		{EE4EF89C-243C-982C-6DD1-92BAC4D5EDB5}.Debug|Any CPU.ActiveCfg = Debug|Any CPU
		{EE4EF89C-243C-982C-6DD1-92BAC4D5EDB5}.Debug|Any CPU.Build.0 = Debug|Any CPU
		{EE4EF89C-243C-982C-6DD1-92BAC4D5EDB5}.Release|Any CPU.ActiveCfg = Release|Any CPU
		{EE4EF89C-243C-982C-6DD1-92BAC4D5EDB5}.Release|Any CPU.Build.0 = Release|Any CPU
		{F6E0EC8C-1DD5-E17A-74A4-84F6887388AC}.Debug|Any CPU.ActiveCfg = Debug|Any CPU
		{F6E0EC8C-1DD5-E17A-74A4-84F6887388AC}.Debug|Any CPU.Build.0 = Debug|Any CPU
		{F6E0EC8C-1DD5-E17A-74A4-84F6887388AC}.Release|Any CPU.ActiveCfg = Release|Any CPU
		{F6E0EC8C-1DD5-E17A-74A4-84F6887388AC}.Release|Any CPU.Build.0 = Release|Any CPU
		{2B714DCC-B5AD-D0CB-3D73-0FC8D676FF50}.Debug|Any CPU.ActiveCfg = Debug|Any CPU
		{2B714DCC-B5AD-D0CB-3D73-0FC8D676FF50}.Debug|Any CPU.Build.0 = Debug|Any CPU
		{2B714DCC-B5AD-D0CB-3D73-0FC8D676FF50}.Release|Any CPU.ActiveCfg = Release|Any CPU
		{2B714DCC-B5AD-D0CB-3D73-0FC8D676FF50}.Release|Any CPU.Build.0 = Release|Any CPU
		{46052D0A-A5FE-7233-16D0-FDD22F41E6A3}.Debug|Any CPU.ActiveCfg = Debug|Any CPU
		{46052D0A-A5FE-7233-16D0-FDD22F41E6A3}.Debug|Any CPU.Build.0 = Debug|Any CPU
		{46052D0A-A5FE-7233-16D0-FDD22F41E6A3}.Release|Any CPU.ActiveCfg = Release|Any CPU
		{46052D0A-A5FE-7233-16D0-FDD22F41E6A3}.Release|Any CPU.Build.0 = Release|Any CPU
		{2B81C895-486F-3D56-32D5-0ACCF73073CC}.Debug|Any CPU.ActiveCfg = Debug|Any CPU
		{2B81C895-486F-3D56-32D5-0ACCF73073CC}.Debug|Any CPU.Build.0 = Debug|Any CPU
		{2B81C895-486F-3D56-32D5-0ACCF73073CC}.Release|Any CPU.ActiveCfg = Release|Any CPU
		{2B81C895-486F-3D56-32D5-0ACCF73073CC}.Release|Any CPU.Build.0 = Release|Any CPU
		{BB9675C9-561C-3AE0-0E32-B6951635DFAB}.Debug|Any CPU.ActiveCfg = Debug|Any CPU
		{BB9675C9-561C-3AE0-0E32-B6951635DFAB}.Debug|Any CPU.Build.0 = Debug|Any CPU
		{BB9675C9-561C-3AE0-0E32-B6951635DFAB}.Release|Any CPU.ActiveCfg = Release|Any CPU
		{BB9675C9-561C-3AE0-0E32-B6951635DFAB}.Release|Any CPU.Build.0 = Release|Any CPU
		{7FD1D951-5711-683C-87D3-61E80ADB0C33}.Debug|Any CPU.ActiveCfg = Debug|Any CPU
		{7FD1D951-5711-683C-87D3-61E80ADB0C33}.Debug|Any CPU.Build.0 = Debug|Any CPU
		{7FD1D951-5711-683C-87D3-61E80ADB0C33}.Release|Any CPU.ActiveCfg = Release|Any CPU
		{7FD1D951-5711-683C-87D3-61E80ADB0C33}.Release|Any CPU.Build.0 = Release|Any CPU
		{08BFA55B-393E-F479-DF81-2E1A13336DA0}.Debug|Any CPU.ActiveCfg = Debug|Any CPU
		{08BFA55B-393E-F479-DF81-2E1A13336DA0}.Debug|Any CPU.Build.0 = Debug|Any CPU
		{08BFA55B-393E-F479-DF81-2E1A13336DA0}.Release|Any CPU.ActiveCfg = Release|Any CPU
		{08BFA55B-393E-F479-DF81-2E1A13336DA0}.Release|Any CPU.Build.0 = Release|Any CPU
		{3742F456-11E2-9F55-DAF5-DBB2D01617FB}.Debug|Any CPU.ActiveCfg = Debug|Any CPU
		{3742F456-11E2-9F55-DAF5-DBB2D01617FB}.Debug|Any CPU.Build.0 = Debug|Any CPU
		{3742F456-11E2-9F55-DAF5-DBB2D01617FB}.Release|Any CPU.ActiveCfg = Release|Any CPU
		{3742F456-11E2-9F55-DAF5-DBB2D01617FB}.Release|Any CPU.Build.0 = Release|Any CPU
		{FAA42BEE-00DC-2B88-FF1A-29ADC9C7819F}.Debug|Any CPU.ActiveCfg = Debug|Any CPU
		{FAA42BEE-00DC-2B88-FF1A-29ADC9C7819F}.Debug|Any CPU.Build.0 = Debug|Any CPU
		{FAA42BEE-00DC-2B88-FF1A-29ADC9C7819F}.Release|Any CPU.ActiveCfg = Release|Any CPU
		{FAA42BEE-00DC-2B88-FF1A-29ADC9C7819F}.Release|Any CPU.Build.0 = Release|Any CPU
		{04FE9401-431B-5C45-9892-9D0D2F747857}.Debug|Any CPU.ActiveCfg = Debug|Any CPU
		{04FE9401-431B-5C45-9892-9D0D2F747857}.Debug|Any CPU.Build.0 = Debug|Any CPU
		{04FE9401-431B-5C45-9892-9D0D2F747857}.Release|Any CPU.ActiveCfg = Release|Any CPU
		{04FE9401-431B-5C45-9892-9D0D2F747857}.Release|Any CPU.Build.0 = Release|Any CPU
	EndGlobalSection
	GlobalSection(SolutionProperties) = preSolution
		HideSolutionNode = FALSE
	EndGlobalSection
EndGlobal
